
Microsoft Visual Studio Solution File, Format Version 12.00
# Visual Studio Version 17
VisualStudioVersion = 17.4.33205.214
MinimumVisualStudioVersion = 10.0.40219.1
Project("{FAE04EC0-301F-11D3-BF4B-00C04F79EFBC}") = "Listas", "Listas\Listas.csproj", "{6E0D8733-E204-44A2-A115-3E7A6579B9EE}"
EndProject
Global
	GlobalSection(SolutionConfigurationPlatforms) = preSolution
		Debug|Any CPU = Debug|Any CPU
		Release|Any CPU = Release|Any CPU
	EndGlobalSection
	GlobalSection(ProjectConfigurationPlatforms) = postSolution
		{6E0D8733-E204-44A2-A115-3E7A6579B9EE}.Debug|Any CPU.ActiveCfg = Debug|Any CPU
		{6E0D8733-E204-44A2-A115-3E7A6579B9EE}.Debug|Any CPU.Build.0 = Debug|Any CPU
		{6E0D8733-E204-44A2-A115-3E7A6579B9EE}.Release|Any CPU.ActiveCfg = Release|Any CPU
		{6E0D8733-E204-44A2-A115-3E7A6579B9EE}.Release|Any CPU.Build.0 = Release|Any CPU
	EndGlobalSection
	GlobalSection(SolutionProperties) = preSolution
		HideSolutionNode = FALSE
	EndGlobalSection
	GlobalSection(ExtensibilityGlobals) = postSolution
		SolutionGuid = {DA92974B-1CC6-4700-9F69-C4DA68BFEDB3}
	EndGlobalSection
EndGlobal
